// !$*UTF8*$!
{
	archiveVersion = 1;
	classes = {
	};
	objectVersion = 52;
	objects = {

/* Begin PBXBuildFile section */
		6514A0B5240C495300D55E82 /* Dependencies.swift in Sources */ = {isa = PBXBuildFile; fileRef = 6514A0B4240C495300D55E82 /* Dependencies.swift */; };
		6514A0B7240C4D2600D55E82 /* SearchViewController.swift in Sources */ = {isa = PBXBuildFile; fileRef = 6514A0B6240C4D2600D55E82 /* SearchViewController.swift */; };
		6514A0B9240C594700D55E82 /* ModelTests.swift in Sources */ = {isa = PBXBuildFile; fileRef = 6514A0B8240C594700D55E82 /* ModelTests.swift */; };
		657D370A240AD93600DD21E5 /* DeezerValidator.swift in Sources */ = {isa = PBXBuildFile; fileRef = 657D3709240AD93600DD21E5 /* DeezerValidator.swift */; };
		657D370C240AE26A00DD21E5 /* DeezerValidatorTests.swift in Sources */ = {isa = PBXBuildFile; fileRef = 657D370B240AE26A00DD21E5 /* DeezerValidatorTests.swift */; };
		657D370E240B0C7100DD21E5 /* DeezerValidator.swift in Sources */ = {isa = PBXBuildFile; fileRef = 657D3709240AD93600DD21E5 /* DeezerValidator.swift */; };
		657D3710240B114600DD21E5 /* DeezerServiceTests.swift in Sources */ = {isa = PBXBuildFile; fileRef = 657D370F240B114600DD21E5 /* DeezerServiceTests.swift */; };
		65C04A76240931CA00971E09 /* AppDelegate.swift in Sources */ = {isa = PBXBuildFile; fileRef = 65C04A75240931CA00971E09 /* AppDelegate.swift */; };
		65C04A7F240931CC00971E09 /* Assets.xcassets in Resources */ = {isa = PBXBuildFile; fileRef = 65C04A7E240931CC00971E09 /* Assets.xcassets */; };
		65C04A82240931CC00971E09 /* LaunchScreen.storyboard in Resources */ = {isa = PBXBuildFile; fileRef = 65C04A80240931CC00971E09 /* LaunchScreen.storyboard */; };
		65C04A8D240931CC00971E09 /* MusicTests.swift in Sources */ = {isa = PBXBuildFile; fileRef = 65C04A8C240931CC00971E09 /* MusicTests.swift */; };
		65C04AA5240931E400971E09 /* DeezerKit.framework in Frameworks */ = {isa = PBXBuildFile; fileRef = 65C04A9C240931E400971E09 /* DeezerKit.framework */; };
		65C04AAC240931E400971E09 /* DeezerKitTests.swift in Sources */ = {isa = PBXBuildFile; fileRef = 65C04AAB240931E400971E09 /* DeezerKitTests.swift */; };
		65C04AAE240931E400971E09 /* DeezerKit.h in Headers */ = {isa = PBXBuildFile; fileRef = 65C04A9E240931E400971E09 /* DeezerKit.h */; settings = {ATTRIBUTES = (Public, ); }; };
		65C04AB1240931E400971E09 /* DeezerKit.framework in Frameworks */ = {isa = PBXBuildFile; fileRef = 65C04A9C240931E400971E09 /* DeezerKit.framework */; };
		65C04AB2240931E400971E09 /* DeezerKit.framework in Embed Frameworks */ = {isa = PBXBuildFile; fileRef = 65C04A9C240931E400971E09 /* DeezerKit.framework */; settings = {ATTRIBUTES = (CodeSignOnCopy, RemoveHeadersOnCopy, ); }; };
		65C04ABD240AB9C600971E09 /* NetworkKit in Frameworks */ = {isa = PBXBuildFile; productRef = 65C04ABC240AB9C600971E09 /* NetworkKit */; };
		65C04AC2240ABAA800971E09 /* search.json in Resources */ = {isa = PBXBuildFile; fileRef = 65C04ABF240ABAA800971E09 /* search.json */; };
		65C04AC3240ABAA800971E09 /* search.json in Resources */ = {isa = PBXBuildFile; fileRef = 65C04ABF240ABAA800971E09 /* search.json */; };
		65C04AC4240ABAA800971E09 /* artist-albums.json in Resources */ = {isa = PBXBuildFile; fileRef = 65C04AC0240ABAA800971E09 /* artist-albums.json */; };
		65C04AC5240ABAA800971E09 /* artist-albums.json in Resources */ = {isa = PBXBuildFile; fileRef = 65C04AC0240ABAA800971E09 /* artist-albums.json */; };
		65C04AC6240ABAA800971E09 /* album.json in Resources */ = {isa = PBXBuildFile; fileRef = 65C04AC1240ABAA800971E09 /* album.json */; };
		65C04AC7240ABAA800971E09 /* album.json in Resources */ = {isa = PBXBuildFile; fileRef = 65C04AC1240ABAA800971E09 /* album.json */; };
		65C04B53240ABF2A00971E09 /* Contributor.swift in Sources */ = {isa = PBXBuildFile; fileRef = 65C04B42240ABF2A00971E09 /* Contributor.swift */; };
		65C04B54240ABF2A00971E09 /* Contributor.swift in Sources */ = {isa = PBXBuildFile; fileRef = 65C04B42240ABF2A00971E09 /* Contributor.swift */; };
		65C04B55240ABF2A00971E09 /* AlbumClass.swift in Sources */ = {isa = PBXBuildFile; fileRef = 65C04B43240ABF2A00971E09 /* AlbumClass.swift */; };
		65C04B56240ABF2A00971E09 /* AlbumClass.swift in Sources */ = {isa = PBXBuildFile; fileRef = 65C04B43240ABF2A00971E09 /* AlbumClass.swift */; };
		65C04B59240ABF2A00971E09 /* Genres.swift in Sources */ = {isa = PBXBuildFile; fileRef = 65C04B45240ABF2A00971E09 /* Genres.swift */; };
		65C04B5A240ABF2A00971E09 /* Genres.swift in Sources */ = {isa = PBXBuildFile; fileRef = 65C04B45240ABF2A00971E09 /* Genres.swift */; };
		65C04B5D240ABF2A00971E09 /* ArtistAlbumsDatum.swift in Sources */ = {isa = PBXBuildFile; fileRef = 65C04B47240ABF2A00971E09 /* ArtistAlbumsDatum.swift */; };
		65C04B5E240ABF2A00971E09 /* ArtistAlbumsDatum.swift in Sources */ = {isa = PBXBuildFile; fileRef = 65C04B47240ABF2A00971E09 /* ArtistAlbumsDatum.swift */; };
		65C04B5F240ABF2A00971E09 /* Album.swift in Sources */ = {isa = PBXBuildFile; fileRef = 65C04B48240ABF2A00971E09 /* Album.swift */; };
		65C04B60240ABF2A00971E09 /* Album.swift in Sources */ = {isa = PBXBuildFile; fileRef = 65C04B48240ABF2A00971E09 /* Album.swift */; };
		65C04B61240ABF2A00971E09 /* ArtistAlbums.swift in Sources */ = {isa = PBXBuildFile; fileRef = 65C04B49240ABF2A00971E09 /* ArtistAlbums.swift */; };
		65C04B62240ABF2A00971E09 /* ArtistAlbums.swift in Sources */ = {isa = PBXBuildFile; fileRef = 65C04B49240ABF2A00971E09 /* ArtistAlbums.swift */; };
		65C04B65240ABF2A00971E09 /* Artist.swift in Sources */ = {isa = PBXBuildFile; fileRef = 65C04B4B240ABF2A00971E09 /* Artist.swift */; };
		65C04B66240ABF2A00971E09 /* Artist.swift in Sources */ = {isa = PBXBuildFile; fileRef = 65C04B4B240ABF2A00971E09 /* Artist.swift */; };
		65C04B69240ABF2A00971E09 /* SearchDatum.swift in Sources */ = {isa = PBXBuildFile; fileRef = 65C04B4D240ABF2A00971E09 /* SearchDatum.swift */; };
		65C04B6A240ABF2A00971E09 /* SearchDatum.swift in Sources */ = {isa = PBXBuildFile; fileRef = 65C04B4D240ABF2A00971E09 /* SearchDatum.swift */; };
		65C04B6D240ABF2A00971E09 /* Tracks.swift in Sources */ = {isa = PBXBuildFile; fileRef = 65C04B4F240ABF2A00971E09 /* Tracks.swift */; };
		65C04B6E240ABF2A00971E09 /* Tracks.swift in Sources */ = {isa = PBXBuildFile; fileRef = 65C04B4F240ABF2A00971E09 /* Tracks.swift */; };
		65C04B6F240ABF2A00971E09 /* TracksDatum.swift in Sources */ = {isa = PBXBuildFile; fileRef = 65C04B50240ABF2A00971E09 /* TracksDatum.swift */; };
		65C04B70240ABF2A00971E09 /* TracksDatum.swift in Sources */ = {isa = PBXBuildFile; fileRef = 65C04B50240ABF2A00971E09 /* TracksDatum.swift */; };
		65C04B71240ABF2A00971E09 /* ArtistElement.swift in Sources */ = {isa = PBXBuildFile; fileRef = 65C04B51240ABF2A00971E09 /* ArtistElement.swift */; };
		65C04B72240ABF2A00971E09 /* ArtistElement.swift in Sources */ = {isa = PBXBuildFile; fileRef = 65C04B51240ABF2A00971E09 /* ArtistElement.swift */; };
		65C04B73240ABF2A00971E09 /* Search.swift in Sources */ = {isa = PBXBuildFile; fileRef = 65C04B52240ABF2A00971E09 /* Search.swift */; };
		65C04B74240ABF2A00971E09 /* Search.swift in Sources */ = {isa = PBXBuildFile; fileRef = 65C04B52240ABF2A00971E09 /* Search.swift */; };
		65C04B76240AC09600971E09 /* DeezerAPI.swift in Sources */ = {isa = PBXBuildFile; fileRef = 65C04B75240AC09600971E09 /* DeezerAPI.swift */; };
		65C04B77240AC09600971E09 /* DeezerAPI.swift in Sources */ = {isa = PBXBuildFile; fileRef = 65C04B75240AC09600971E09 /* DeezerAPI.swift */; };
		65C04B79240AC22400971E09 /* DeezerError.swift in Sources */ = {isa = PBXBuildFile; fileRef = 65C04B78240AC22400971E09 /* DeezerError.swift */; };
		65C04B7A240AC22400971E09 /* DeezerError.swift in Sources */ = {isa = PBXBuildFile; fileRef = 65C04B78240AC22400971E09 /* DeezerError.swift */; };
		65C04B7C240AC54600971E09 /* DeezerAPIError.swift in Sources */ = {isa = PBXBuildFile; fileRef = 65C04B7B240AC54500971E09 /* DeezerAPIError.swift */; };
		65C04B7D240AC54600971E09 /* DeezerAPIError.swift in Sources */ = {isa = PBXBuildFile; fileRef = 65C04B7B240AC54500971E09 /* DeezerAPIError.swift */; };
		65C04B7F240AC64200971E09 /* DeezerService.swift in Sources */ = {isa = PBXBuildFile; fileRef = 65C04B7E240AC64200971E09 /* DeezerService.swift */; };
		65C04B80240AC64200971E09 /* DeezerService.swift in Sources */ = {isa = PBXBuildFile; fileRef = 65C04B7E240AC64200971E09 /* DeezerService.swift */; };
		65C04B83240AC68900971E09 /* album-tracks.json in Resources */ = {isa = PBXBuildFile; fileRef = 65C04B81240AC68900971E09 /* album-tracks.json */; };
		65C04B84240AC68900971E09 /* album-tracks.json in Resources */ = {isa = PBXBuildFile; fileRef = 65C04B81240AC68900971E09 /* album-tracks.json */; };
		65C04B85240AC68900971E09 /* error.json in Resources */ = {isa = PBXBuildFile; fileRef = 65C04B82240AC68900971E09 /* error.json */; };
		65C04B86240AC68900971E09 /* error.json in Resources */ = {isa = PBXBuildFile; fileRef = 65C04B82240AC68900971E09 /* error.json */; };
		65C04B88240ACCC600971E09 /* album-tracks.json in Resources */ = {isa = PBXBuildFile; fileRef = 65C04B81240AC68900971E09 /* album-tracks.json */; };
		65C04B89240ACCC600971E09 /* error.json in Resources */ = {isa = PBXBuildFile; fileRef = 65C04B82240AC68900971E09 /* error.json */; };
		65C04B8A240ACCC600971E09 /* search.json in Resources */ = {isa = PBXBuildFile; fileRef = 65C04ABF240ABAA800971E09 /* search.json */; };
		65C04B8B240ACCC600971E09 /* album.json in Resources */ = {isa = PBXBuildFile; fileRef = 65C04AC1240ABAA800971E09 /* album.json */; };
		65C04B8C240ACCC600971E09 /* artist-albums.json in Resources */ = {isa = PBXBuildFile; fileRef = 65C04AC0240ABAA800971E09 /* artist-albums.json */; };
		65C04B8D240ACCC800971E09 /* album-tracks.json in Resources */ = {isa = PBXBuildFile; fileRef = 65C04B81240AC68900971E09 /* album-tracks.json */; };
		65C04B8E240ACCC800971E09 /* error.json in Resources */ = {isa = PBXBuildFile; fileRef = 65C04B82240AC68900971E09 /* error.json */; };
		65C04B8F240ACCC800971E09 /* search.json in Resources */ = {isa = PBXBuildFile; fileRef = 65C04ABF240ABAA800971E09 /* search.json */; };
		65C04B90240ACCC800971E09 /* album.json in Resources */ = {isa = PBXBuildFile; fileRef = 65C04AC1240ABAA800971E09 /* album.json */; };
		65C04B91240ACCC800971E09 /* artist-albums.json in Resources */ = {isa = PBXBuildFile; fileRef = 65C04AC0240ABAA800971E09 /* artist-albums.json */; };
/* End PBXBuildFile section */

/* Begin PBXContainerItemProxy section */
		65C04A89240931CC00971E09 /* PBXContainerItemProxy */ = {
			isa = PBXContainerItemProxy;
			containerPortal = 65C04A6A240931CA00971E09 /* Project object */;
			proxyType = 1;
			remoteGlobalIDString = 65C04A71240931CA00971E09;
			remoteInfo = Music;
		};
		65C04AA6240931E400971E09 /* PBXContainerItemProxy */ = {
			isa = PBXContainerItemProxy;
			containerPortal = 65C04A6A240931CA00971E09 /* Project object */;
			proxyType = 1;
			remoteGlobalIDString = 65C04A9B240931E400971E09;
			remoteInfo = DeezerKit;
		};
		65C04AA8240931E400971E09 /* PBXContainerItemProxy */ = {
			isa = PBXContainerItemProxy;
			containerPortal = 65C04A6A240931CA00971E09 /* Project object */;
			proxyType = 1;
			remoteGlobalIDString = 65C04A71240931CA00971E09;
			remoteInfo = Music;
		};
		65C04AAF240931E400971E09 /* PBXContainerItemProxy */ = {
			isa = PBXContainerItemProxy;
			containerPortal = 65C04A6A240931CA00971E09 /* Project object */;
			proxyType = 1;
			remoteGlobalIDString = 65C04A9B240931E400971E09;
			remoteInfo = DeezerKit;
		};
/* End PBXContainerItemProxy section */

/* Begin PBXCopyFilesBuildPhase section */
		65C04AB6240931E400971E09 /* Embed Frameworks */ = {
			isa = PBXCopyFilesBuildPhase;
			buildActionMask = 2147483647;
			dstPath = "";
			dstSubfolderSpec = 10;
			files = (
				65C04AB2240931E400971E09 /* DeezerKit.framework in Embed Frameworks */,
			);
			name = "Embed Frameworks";
			runOnlyForDeploymentPostprocessing = 0;
		};
/* End PBXCopyFilesBuildPhase section */

/* Begin PBXFileReference section */
		6514A0B4240C495300D55E82 /* Dependencies.swift */ = {isa = PBXFileReference; lastKnownFileType = sourcecode.swift; path = Dependencies.swift; sourceTree = "<group>"; };
		6514A0B6240C4D2600D55E82 /* SearchViewController.swift */ = {isa = PBXFileReference; lastKnownFileType = sourcecode.swift; name = SearchViewController.swift; path = Search/SearchViewController.swift; sourceTree = "<group>"; };
		6514A0B8240C594700D55E82 /* ModelTests.swift */ = {isa = PBXFileReference; lastKnownFileType = sourcecode.swift; path = ModelTests.swift; sourceTree = "<group>"; };
		657D3709240AD93600DD21E5 /* DeezerValidator.swift */ = {isa = PBXFileReference; lastKnownFileType = sourcecode.swift; path = DeezerValidator.swift; sourceTree = "<group>"; };
		657D370B240AE26A00DD21E5 /* DeezerValidatorTests.swift */ = {isa = PBXFileReference; lastKnownFileType = sourcecode.swift; path = DeezerValidatorTests.swift; sourceTree = "<group>"; };
		657D370F240B114600DD21E5 /* DeezerServiceTests.swift */ = {isa = PBXFileReference; lastKnownFileType = sourcecode.swift; path = DeezerServiceTests.swift; sourceTree = "<group>"; };
		65C04A72240931CA00971E09 /* Music.app */ = {isa = PBXFileReference; explicitFileType = wrapper.application; includeInIndex = 0; path = Music.app; sourceTree = BUILT_PRODUCTS_DIR; };
		65C04A75240931CA00971E09 /* AppDelegate.swift */ = {isa = PBXFileReference; lastKnownFileType = sourcecode.swift; path = AppDelegate.swift; sourceTree = "<group>"; };
		65C04A7E240931CC00971E09 /* Assets.xcassets */ = {isa = PBXFileReference; lastKnownFileType = folder.assetcatalog; path = Assets.xcassets; sourceTree = "<group>"; };
		65C04A81240931CC00971E09 /* Base */ = {isa = PBXFileReference; lastKnownFileType = file.storyboard; name = Base; path = Base.lproj/LaunchScreen.storyboard; sourceTree = "<group>"; };
		65C04A83240931CC00971E09 /* Info.plist */ = {isa = PBXFileReference; lastKnownFileType = text.plist.xml; path = Info.plist; sourceTree = "<group>"; };
		65C04A88240931CC00971E09 /* MusicTests.xctest */ = {isa = PBXFileReference; explicitFileType = wrapper.cfbundle; includeInIndex = 0; path = MusicTests.xctest; sourceTree = BUILT_PRODUCTS_DIR; };
		65C04A8C240931CC00971E09 /* MusicTests.swift */ = {isa = PBXFileReference; lastKnownFileType = sourcecode.swift; path = MusicTests.swift; sourceTree = "<group>"; };
		65C04A8E240931CC00971E09 /* Info.plist */ = {isa = PBXFileReference; lastKnownFileType = text.plist.xml; path = Info.plist; sourceTree = "<group>"; };
		65C04A9C240931E400971E09 /* DeezerKit.framework */ = {isa = PBXFileReference; explicitFileType = wrapper.framework; includeInIndex = 0; path = DeezerKit.framework; sourceTree = BUILT_PRODUCTS_DIR; };
		65C04A9E240931E400971E09 /* DeezerKit.h */ = {isa = PBXFileReference; lastKnownFileType = sourcecode.c.h; path = DeezerKit.h; sourceTree = "<group>"; };
		65C04A9F240931E400971E09 /* Info.plist */ = {isa = PBXFileReference; lastKnownFileType = text.plist.xml; path = Info.plist; sourceTree = "<group>"; };
		65C04AA4240931E400971E09 /* DeezerKitTests.xctest */ = {isa = PBXFileReference; explicitFileType = wrapper.cfbundle; includeInIndex = 0; path = DeezerKitTests.xctest; sourceTree = BUILT_PRODUCTS_DIR; };
		65C04AAB240931E400971E09 /* DeezerKitTests.swift */ = {isa = PBXFileReference; lastKnownFileType = sourcecode.swift; path = DeezerKitTests.swift; sourceTree = "<group>"; };
		65C04AAD240931E400971E09 /* Info.plist */ = {isa = PBXFileReference; lastKnownFileType = text.plist.xml; path = Info.plist; sourceTree = "<group>"; };
		65C04ABA240AB93600971E09 /* NetworkKit */ = {isa = PBXFileReference; lastKnownFileType = folder; name = NetworkKit; path = ../NetworkKit; sourceTree = "<group>"; };
		65C04ABF240ABAA800971E09 /* search.json */ = {isa = PBXFileReference; fileEncoding = 4; lastKnownFileType = text.json; path = search.json; sourceTree = "<group>"; };
		65C04AC0240ABAA800971E09 /* artist-albums.json */ = {isa = PBXFileReference; fileEncoding = 4; lastKnownFileType = text.json; path = "artist-albums.json"; sourceTree = "<group>"; };
		65C04AC1240ABAA800971E09 /* album.json */ = {isa = PBXFileReference; fileEncoding = 4; lastKnownFileType = text.json; path = album.json; sourceTree = "<group>"; };
		65C04B42240ABF2A00971E09 /* Contributor.swift */ = {isa = PBXFileReference; fileEncoding = 4; lastKnownFileType = sourcecode.swift; path = Contributor.swift; sourceTree = "<group>"; };
		65C04B43240ABF2A00971E09 /* AlbumClass.swift */ = {isa = PBXFileReference; fileEncoding = 4; lastKnownFileType = sourcecode.swift; path = AlbumClass.swift; sourceTree = "<group>"; };
		65C04B45240ABF2A00971E09 /* Genres.swift */ = {isa = PBXFileReference; fileEncoding = 4; lastKnownFileType = sourcecode.swift; path = Genres.swift; sourceTree = "<group>"; };
		65C04B47240ABF2A00971E09 /* ArtistAlbumsDatum.swift */ = {isa = PBXFileReference; fileEncoding = 4; lastKnownFileType = sourcecode.swift; path = ArtistAlbumsDatum.swift; sourceTree = "<group>"; };
		65C04B48240ABF2A00971E09 /* Album.swift */ = {isa = PBXFileReference; fileEncoding = 4; lastKnownFileType = sourcecode.swift; path = Album.swift; sourceTree = "<group>"; };
		65C04B49240ABF2A00971E09 /* ArtistAlbums.swift */ = {isa = PBXFileReference; fileEncoding = 4; lastKnownFileType = sourcecode.swift; path = ArtistAlbums.swift; sourceTree = "<group>"; };
		65C04B4B240ABF2A00971E09 /* Artist.swift */ = {isa = PBXFileReference; fileEncoding = 4; lastKnownFileType = sourcecode.swift; path = Artist.swift; sourceTree = "<group>"; };
		65C04B4D240ABF2A00971E09 /* SearchDatum.swift */ = {isa = PBXFileReference; fileEncoding = 4; lastKnownFileType = sourcecode.swift; path = SearchDatum.swift; sourceTree = "<group>"; };
		65C04B4F240ABF2A00971E09 /* Tracks.swift */ = {isa = PBXFileReference; fileEncoding = 4; lastKnownFileType = sourcecode.swift; path = Tracks.swift; sourceTree = "<group>"; };
		65C04B50240ABF2A00971E09 /* TracksDatum.swift */ = {isa = PBXFileReference; fileEncoding = 4; lastKnownFileType = sourcecode.swift; path = TracksDatum.swift; sourceTree = "<group>"; };
		65C04B51240ABF2A00971E09 /* ArtistElement.swift */ = {isa = PBXFileReference; fileEncoding = 4; lastKnownFileType = sourcecode.swift; path = ArtistElement.swift; sourceTree = "<group>"; };
		65C04B52240ABF2A00971E09 /* Search.swift */ = {isa = PBXFileReference; fileEncoding = 4; lastKnownFileType = sourcecode.swift; path = Search.swift; sourceTree = "<group>"; };
		65C04B75240AC09600971E09 /* DeezerAPI.swift */ = {isa = PBXFileReference; lastKnownFileType = sourcecode.swift; path = DeezerAPI.swift; sourceTree = "<group>"; };
		65C04B78240AC22400971E09 /* DeezerError.swift */ = {isa = PBXFileReference; lastKnownFileType = sourcecode.swift; path = DeezerError.swift; sourceTree = "<group>"; };
		65C04B7B240AC54500971E09 /* DeezerAPIError.swift */ = {isa = PBXFileReference; fileEncoding = 4; lastKnownFileType = sourcecode.swift; path = DeezerAPIError.swift; sourceTree = "<group>"; };
		65C04B7E240AC64200971E09 /* DeezerService.swift */ = {isa = PBXFileReference; lastKnownFileType = sourcecode.swift; path = DeezerService.swift; sourceTree = "<group>"; };
		65C04B81240AC68900971E09 /* album-tracks.json */ = {isa = PBXFileReference; fileEncoding = 4; lastKnownFileType = text.json; path = "album-tracks.json"; sourceTree = "<group>"; };
		65C04B82240AC68900971E09 /* error.json */ = {isa = PBXFileReference; fileEncoding = 4; lastKnownFileType = text.json; path = error.json; sourceTree = "<group>"; };
/* End PBXFileReference section */

/* Begin PBXFrameworksBuildPhase section */
		65C04A6F240931CA00971E09 /* Frameworks */ = {
			isa = PBXFrameworksBuildPhase;
			buildActionMask = 2147483647;
			files = (
				65C04AB1240931E400971E09 /* DeezerKit.framework in Frameworks */,
			);
			runOnlyForDeploymentPostprocessing = 0;
		};
		65C04A85240931CC00971E09 /* Frameworks */ = {
			isa = PBXFrameworksBuildPhase;
			buildActionMask = 2147483647;
			files = (
			);
			runOnlyForDeploymentPostprocessing = 0;
		};
		65C04A99240931E400971E09 /* Frameworks */ = {
			isa = PBXFrameworksBuildPhase;
			buildActionMask = 2147483647;
			files = (
				65C04ABD240AB9C600971E09 /* NetworkKit in Frameworks */,
			);
			runOnlyForDeploymentPostprocessing = 0;
		};
		65C04AA1240931E400971E09 /* Frameworks */ = {
			isa = PBXFrameworksBuildPhase;
			buildActionMask = 2147483647;
			files = (
				65C04AA5240931E400971E09 /* DeezerKit.framework in Frameworks */,
			);
			runOnlyForDeploymentPostprocessing = 0;
		};
/* End PBXFrameworksBuildPhase section */

/* Begin PBXGroup section */
		6514A0B3240C475700D55E82 /* Search */ = {
			isa = PBXGroup;
			children = (
			);
			path = Search;
			sourceTree = "<group>";
		};
		65C04A69240931CA00971E09 = {
			isa = PBXGroup;
			children = (
				65C04A74240931CA00971E09 /* Music */,
				65C04A8B240931CC00971E09 /* MusicTests */,
				65C04A9D240931E400971E09 /* DeezerKit */,
				65C04AAA240931E400971E09 /* DeezerKitTests */,
				65C04A73240931CA00971E09 /* Products */,
				65C04ABA240AB93600971E09 /* NetworkKit */,
				65C04ABB240AB9C600971E09 /* Frameworks */,
			);
			sourceTree = "<group>";
		};
		65C04A73240931CA00971E09 /* Products */ = {
			isa = PBXGroup;
			children = (
				65C04A72240931CA00971E09 /* Music.app */,
				65C04A88240931CC00971E09 /* MusicTests.xctest */,
				65C04A9C240931E400971E09 /* DeezerKit.framework */,
				65C04AA4240931E400971E09 /* DeezerKitTests.xctest */,
			);
			name = Products;
			sourceTree = "<group>";
		};
		65C04A74240931CA00971E09 /* Music */ = {
			isa = PBXGroup;
			children = (
				6514A0B3240C475700D55E82 /* Search */,
				65C04A75240931CA00971E09 /* AppDelegate.swift */,
				65C04A7E240931CC00971E09 /* Assets.xcassets */,
				65C04A80240931CC00971E09 /* LaunchScreen.storyboard */,
				65C04A83240931CC00971E09 /* Info.plist */,
				6514A0B4240C495300D55E82 /* Dependencies.swift */,
				6514A0B6240C4D2600D55E82 /* SearchViewController.swift */,
			);
			path = Music;
			sourceTree = "<group>";
		};
		65C04A8B240931CC00971E09 /* MusicTests */ = {
			isa = PBXGroup;
			children = (
				65C04A8C240931CC00971E09 /* MusicTests.swift */,
				65C04A8E240931CC00971E09 /* Info.plist */,
			);
			path = MusicTests;
			sourceTree = "<group>";
		};
		65C04A9D240931E400971E09 /* DeezerKit */ = {
			isa = PBXGroup;
			children = (
				65C04B41240ABEEA00971E09 /* Models */,
				65C04A9E240931E400971E09 /* DeezerKit.h */,
				65C04A9F240931E400971E09 /* Info.plist */,
				65C04B75240AC09600971E09 /* DeezerAPI.swift */,
				65C04B7B240AC54500971E09 /* DeezerAPIError.swift */,
				65C04B78240AC22400971E09 /* DeezerError.swift */,
				65C04B7E240AC64200971E09 /* DeezerService.swift */,
				657D3709240AD93600DD21E5 /* DeezerValidator.swift */,
			);
			path = DeezerKit;
			sourceTree = "<group>";
		};
		65C04AAA240931E400971E09 /* DeezerKitTests */ = {
			isa = PBXGroup;
			children = (
				65C04ABE240ABA6900971E09 /* Fixtures */,
				65C04AAB240931E400971E09 /* DeezerKitTests.swift */,
				65C04AAD240931E400971E09 /* Info.plist */,
				657D370B240AE26A00DD21E5 /* DeezerValidatorTests.swift */,
				657D370F240B114600DD21E5 /* DeezerServiceTests.swift */,
				6514A0B8240C594700D55E82 /* ModelTests.swift */,
			);
			path = DeezerKitTests;
			sourceTree = "<group>";
		};
		65C04ABB240AB9C600971E09 /* Frameworks */ = {
			isa = PBXGroup;
			children = (
			);
			name = Frameworks;
			sourceTree = "<group>";
		};
		65C04ABE240ABA6900971E09 /* Fixtures */ = {
			isa = PBXGroup;
			children = (
				65C04AC1240ABAA800971E09 /* album.json */,
				65C04AC0240ABAA800971E09 /* artist-albums.json */,
				65C04ABF240ABAA800971E09 /* search.json */,
				65C04B81240AC68900971E09 /* album-tracks.json */,
				65C04B82240AC68900971E09 /* error.json */,
			);
			path = Fixtures;
			sourceTree = "<group>";
		};
		65C04B41240ABEEA00971E09 /* Models */ = {
			isa = PBXGroup;
			children = (
				65C04B48240ABF2A00971E09 /* Album.swift */,
				65C04B43240ABF2A00971E09 /* AlbumClass.swift */,
				65C04B4B240ABF2A00971E09 /* Artist.swift */,
				65C04B49240ABF2A00971E09 /* ArtistAlbums.swift */,
				65C04B47240ABF2A00971E09 /* ArtistAlbumsDatum.swift */,
				65C04B51240ABF2A00971E09 /* ArtistElement.swift */,
				65C04B42240ABF2A00971E09 /* Contributor.swift */,
				65C04B45240ABF2A00971E09 /* Genres.swift */,
				65C04B52240ABF2A00971E09 /* Search.swift */,
				65C04B4D240ABF2A00971E09 /* SearchDatum.swift */,
				65C04B4F240ABF2A00971E09 /* Tracks.swift */,
				65C04B50240ABF2A00971E09 /* TracksDatum.swift */,
			);
			path = Models;
			sourceTree = "<group>";
		};
/* End PBXGroup section */

/* Begin PBXHeadersBuildPhase section */
		65C04A97240931E400971E09 /* Headers */ = {
			isa = PBXHeadersBuildPhase;
			buildActionMask = 2147483647;
			files = (
				65C04AAE240931E400971E09 /* DeezerKit.h in Headers */,
			);
			runOnlyForDeploymentPostprocessing = 0;
		};
/* End PBXHeadersBuildPhase section */

/* Begin PBXNativeTarget section */
		65C04A71240931CA00971E09 /* Music */ = {
			isa = PBXNativeTarget;
			buildConfigurationList = 65C04A91240931CC00971E09 /* Build configuration list for PBXNativeTarget "Music" */;
			buildPhases = (
				65C04A6E240931CA00971E09 /* Sources */,
				65C04A6F240931CA00971E09 /* Frameworks */,
				65C04A70240931CA00971E09 /* Resources */,
				65C04AB6240931E400971E09 /* Embed Frameworks */,
			);
			buildRules = (
			);
			dependencies = (
				65C04AB0240931E400971E09 /* PBXTargetDependency */,
			);
			name = Music;
			productName = Music;
			productReference = 65C04A72240931CA00971E09 /* Music.app */;
			productType = "com.apple.product-type.application";
		};
		65C04A87240931CC00971E09 /* MusicTests */ = {
			isa = PBXNativeTarget;
			buildConfigurationList = 65C04A94240931CC00971E09 /* Build configuration list for PBXNativeTarget "MusicTests" */;
			buildPhases = (
				65C04A84240931CC00971E09 /* Sources */,
				65C04A85240931CC00971E09 /* Frameworks */,
				65C04A86240931CC00971E09 /* Resources */,
			);
			buildRules = (
			);
			dependencies = (
				65C04A8A240931CC00971E09 /* PBXTargetDependency */,
			);
			name = MusicTests;
			productName = MusicTests;
			productReference = 65C04A88240931CC00971E09 /* MusicTests.xctest */;
			productType = "com.apple.product-type.bundle.unit-test";
		};
		65C04A9B240931E400971E09 /* DeezerKit */ = {
			isa = PBXNativeTarget;
			buildConfigurationList = 65C04AB3240931E400971E09 /* Build configuration list for PBXNativeTarget "DeezerKit" */;
			buildPhases = (
				65C04A97240931E400971E09 /* Headers */,
				65C04A98240931E400971E09 /* Sources */,
				65C04A99240931E400971E09 /* Frameworks */,
				65C04A9A240931E400971E09 /* Resources */,
			);
			buildRules = (
			);
			dependencies = (
			);
			name = DeezerKit;
			packageProductDependencies = (
				65C04ABC240AB9C600971E09 /* NetworkKit */,
			);
			productName = DeezerKit;
			productReference = 65C04A9C240931E400971E09 /* DeezerKit.framework */;
			productType = "com.apple.product-type.framework";
		};
		65C04AA3240931E400971E09 /* DeezerKitTests */ = {
			isa = PBXNativeTarget;
			buildConfigurationList = 65C04AB7240931E400971E09 /* Build configuration list for PBXNativeTarget "DeezerKitTests" */;
			buildPhases = (
				65C04AA0240931E400971E09 /* Sources */,
				65C04AA1240931E400971E09 /* Frameworks */,
				65C04AA2240931E400971E09 /* Resources */,
			);
			buildRules = (
			);
			dependencies = (
				65C04AA7240931E400971E09 /* PBXTargetDependency */,
				65C04AA9240931E400971E09 /* PBXTargetDependency */,
			);
			name = DeezerKitTests;
			productName = DeezerKitTests;
			productReference = 65C04AA4240931E400971E09 /* DeezerKitTests.xctest */;
			productType = "com.apple.product-type.bundle.unit-test";
		};
/* End PBXNativeTarget section */

/* Begin PBXProject section */
		65C04A6A240931CA00971E09 /* Project object */ = {
			isa = PBXProject;
			attributes = {
				LastSwiftUpdateCheck = 1130;
				LastUpgradeCheck = 1130;
				ORGANIZATIONNAME = DML;
				TargetAttributes = {
					65C04A71240931CA00971E09 = {
						CreatedOnToolsVersion = 11.3.1;
					};
					65C04A87240931CC00971E09 = {
						CreatedOnToolsVersion = 11.3.1;
						TestTargetID = 65C04A71240931CA00971E09;
					};
					65C04A9B240931E400971E09 = {
						CreatedOnToolsVersion = 11.3.1;
						LastSwiftMigration = 1130;
					};
					65C04AA3240931E400971E09 = {
						CreatedOnToolsVersion = 11.3.1;
						TestTargetID = 65C04A71240931CA00971E09;
					};
				};
			};
			buildConfigurationList = 65C04A6D240931CA00971E09 /* Build configuration list for PBXProject "Music" */;
			compatibilityVersion = "Xcode 9.3";
			developmentRegion = en;
			hasScannedForEncodings = 0;
			knownRegions = (
				en,
				Base,
			);
			mainGroup = 65C04A69240931CA00971E09;
			productRefGroup = 65C04A73240931CA00971E09 /* Products */;
			projectDirPath = "";
			projectRoot = "";
			targets = (
				65C04A71240931CA00971E09 /* Music */,
				65C04A87240931CC00971E09 /* MusicTests */,
				65C04A9B240931E400971E09 /* DeezerKit */,
				65C04AA3240931E400971E09 /* DeezerKitTests */,
			);
		};
/* End PBXProject section */

/* Begin PBXResourcesBuildPhase section */
		65C04A70240931CA00971E09 /* Resources */ = {
			isa = PBXResourcesBuildPhase;
			buildActionMask = 2147483647;
			files = (
				65C04B89240ACCC600971E09 /* error.json in Resources */,
				65C04B8B240ACCC600971E09 /* album.json in Resources */,
				65C04B88240ACCC600971E09 /* album-tracks.json in Resources */,
				65C04B8A240ACCC600971E09 /* search.json in Resources */,
				65C04B8C240ACCC600971E09 /* artist-albums.json in Resources */,
				65C04A82240931CC00971E09 /* LaunchScreen.storyboard in Resources */,
				65C04A7F240931CC00971E09 /* Assets.xcassets in Resources */,
			);
			runOnlyForDeploymentPostprocessing = 0;
		};
		65C04A86240931CC00971E09 /* Resources */ = {
			isa = PBXResourcesBuildPhase;
			buildActionMask = 2147483647;
			files = (
				65C04B8F240ACCC800971E09 /* search.json in Resources */,
				65C04B8E240ACCC800971E09 /* error.json in Resources */,
				65C04B91240ACCC800971E09 /* artist-albums.json in Resources */,
				65C04B8D240ACCC800971E09 /* album-tracks.json in Resources */,
				65C04B90240ACCC800971E09 /* album.json in Resources */,
			);
			runOnlyForDeploymentPostprocessing = 0;
		};
		65C04A9A240931E400971E09 /* Resources */ = {
			isa = PBXResourcesBuildPhase;
			buildActionMask = 2147483647;
			files = (
				65C04B85240AC68900971E09 /* error.json in Resources */,
				65C04AC4240ABAA800971E09 /* artist-albums.json in Resources */,
				65C04AC6240ABAA800971E09 /* album.json in Resources */,
				65C04AC2240ABAA800971E09 /* search.json in Resources */,
				65C04B83240AC68900971E09 /* album-tracks.json in Resources */,
			);
			runOnlyForDeploymentPostprocessing = 0;
		};
		65C04AA2240931E400971E09 /* Resources */ = {
			isa = PBXResourcesBuildPhase;
			buildActionMask = 2147483647;
			files = (
				65C04B86240AC68900971E09 /* error.json in Resources */,
				65C04AC5240ABAA800971E09 /* artist-albums.json in Resources */,
				65C04AC7240ABAA800971E09 /* album.json in Resources */,
				65C04AC3240ABAA800971E09 /* search.json in Resources */,
				65C04B84240AC68900971E09 /* album-tracks.json in Resources */,
			);
			runOnlyForDeploymentPostprocessing = 0;
		};
/* End PBXResourcesBuildPhase section */

/* Begin PBXSourcesBuildPhase section */
		65C04A6E240931CA00971E09 /* Sources */ = {
			isa = PBXSourcesBuildPhase;
			buildActionMask = 2147483647;
			files = (
				6514A0B5240C495300D55E82 /* Dependencies.swift in Sources */,
				6514A0B7240C4D2600D55E82 /* SearchViewController.swift in Sources */,
				65C04A76240931CA00971E09 /* AppDelegate.swift in Sources */,
			);
			runOnlyForDeploymentPostprocessing = 0;
		};
		65C04A84240931CC00971E09 /* Sources */ = {
			isa = PBXSourcesBuildPhase;
			buildActionMask = 2147483647;
			files = (
				65C04A8D240931CC00971E09 /* MusicTests.swift in Sources */,
			);
			runOnlyForDeploymentPostprocessing = 0;
		};
		65C04A98240931E400971E09 /* Sources */ = {
			isa = PBXSourcesBuildPhase;
			buildActionMask = 2147483647;
			files = (
				65C04B7C240AC54600971E09 /* DeezerAPIError.swift in Sources */,
				65C04B76240AC09600971E09 /* DeezerAPI.swift in Sources */,
				65C04B61240ABF2A00971E09 /* ArtistAlbums.swift in Sources */,
				65C04B55240ABF2A00971E09 /* AlbumClass.swift in Sources */,
				65C04B79240AC22400971E09 /* DeezerError.swift in Sources */,
				657D370A240AD93600DD21E5 /* DeezerValidator.swift in Sources */,
				65C04B73240ABF2A00971E09 /* Search.swift in Sources */,
				65C04B5D240ABF2A00971E09 /* ArtistAlbumsDatum.swift in Sources */,
				65C04B69240ABF2A00971E09 /* SearchDatum.swift in Sources */,
				65C04B53240ABF2A00971E09 /* Contributor.swift in Sources */,
				65C04B59240ABF2A00971E09 /* Genres.swift in Sources */,
				65C04B5F240ABF2A00971E09 /* Album.swift in Sources */,
				65C04B65240ABF2A00971E09 /* Artist.swift in Sources */,
				65C04B7F240AC64200971E09 /* DeezerService.swift in Sources */,
				65C04B6F240ABF2A00971E09 /* TracksDatum.swift in Sources */,
				65C04B6D240ABF2A00971E09 /* Tracks.swift in Sources */,
				65C04B71240ABF2A00971E09 /* ArtistElement.swift in Sources */,
			);
			runOnlyForDeploymentPostprocessing = 0;
		};
		65C04AA0240931E400971E09 /* Sources */ = {
			isa = PBXSourcesBuildPhase;
			buildActionMask = 2147483647;
			files = (
				65C04B5E240ABF2A00971E09 /* ArtistAlbumsDatum.swift in Sources */,
				657D370C240AE26A00DD21E5 /* DeezerValidatorTests.swift in Sources */,
				65C04B6A240ABF2A00971E09 /* SearchDatum.swift in Sources */,
				65C04B77240AC09600971E09 /* DeezerAPI.swift in Sources */,
				65C04AAC240931E400971E09 /* DeezerKitTests.swift in Sources */,
				65C04B6E240ABF2A00971E09 /* Tracks.swift in Sources */,
				65C04B7D240AC54600971E09 /* DeezerAPIError.swift in Sources */,
				65C04B72240ABF2A00971E09 /* ArtistElement.swift in Sources */,
				65C04B5A240ABF2A00971E09 /* Genres.swift in Sources */,
				65C04B80240AC64200971E09 /* DeezerService.swift in Sources */,
				657D3710240B114600DD21E5 /* DeezerServiceTests.swift in Sources */,
				65C04B74240ABF2A00971E09 /* Search.swift in Sources */,
				6514A0B9240C594700D55E82 /* ModelTests.swift in Sources */,
				65C04B62240ABF2A00971E09 /* ArtistAlbums.swift in Sources */,
				65C04B56240ABF2A00971E09 /* AlbumClass.swift in Sources */,
				65C04B54240ABF2A00971E09 /* Contributor.swift in Sources */,
				65C04B60240ABF2A00971E09 /* Album.swift in Sources */,
				65C04B66240ABF2A00971E09 /* Artist.swift in Sources */,
				65C04B7A240AC22400971E09 /* DeezerError.swift in Sources */,
				65C04B70240ABF2A00971E09 /* TracksDatum.swift in Sources */,
				657D370E240B0C7100DD21E5 /* DeezerValidator.swift in Sources */,
			);
			runOnlyForDeploymentPostprocessing = 0;
		};
/* End PBXSourcesBuildPhase section */

/* Begin PBXTargetDependency section */
		65C04A8A240931CC00971E09 /* PBXTargetDependency */ = {
			isa = PBXTargetDependency;
			target = 65C04A71240931CA00971E09 /* Music */;
			targetProxy = 65C04A89240931CC00971E09 /* PBXContainerItemProxy */;
		};
		65C04AA7240931E400971E09 /* PBXTargetDependency */ = {
			isa = PBXTargetDependency;
			target = 65C04A9B240931E400971E09 /* DeezerKit */;
			targetProxy = 65C04AA6240931E400971E09 /* PBXContainerItemProxy */;
		};
		65C04AA9240931E400971E09 /* PBXTargetDependency */ = {
			isa = PBXTargetDependency;
			target = 65C04A71240931CA00971E09 /* Music */;
			targetProxy = 65C04AA8240931E400971E09 /* PBXContainerItemProxy */;
		};
		65C04AB0240931E400971E09 /* PBXTargetDependency */ = {
			isa = PBXTargetDependency;
			target = 65C04A9B240931E400971E09 /* DeezerKit */;
			targetProxy = 65C04AAF240931E400971E09 /* PBXContainerItemProxy */;
		};
/* End PBXTargetDependency section */

/* Begin PBXVariantGroup section */
		65C04A80240931CC00971E09 /* LaunchScreen.storyboard */ = {
			isa = PBXVariantGroup;
			children = (
				65C04A81240931CC00971E09 /* Base */,
			);
			name = LaunchScreen.storyboard;
			sourceTree = "<group>";
		};
/* End PBXVariantGroup section */

/* Begin XCBuildConfiguration section */
		65C04A8F240931CC00971E09 /* Debug */ = {
			isa = XCBuildConfiguration;
			buildSettings = {
				ALWAYS_SEARCH_USER_PATHS = NO;
				CLANG_ANALYZER_NONNULL = YES;
				CLANG_ANALYZER_NUMBER_OBJECT_CONVERSION = YES_AGGRESSIVE;
				CLANG_CXX_LANGUAGE_STANDARD = "gnu++14";
				CLANG_CXX_LIBRARY = "libc++";
				CLANG_ENABLE_MODULES = YES;
				CLANG_ENABLE_OBJC_ARC = YES;
				CLANG_ENABLE_OBJC_WEAK = YES;
				CLANG_WARN_BLOCK_CAPTURE_AUTORELEASING = YES;
				CLANG_WARN_BOOL_CONVERSION = YES;
				CLANG_WARN_COMMA = YES;
				CLANG_WARN_CONSTANT_CONVERSION = YES;
				CLANG_WARN_DEPRECATED_OBJC_IMPLEMENTATIONS = YES;
				CLANG_WARN_DIRECT_OBJC_ISA_USAGE = YES_ERROR;
				CLANG_WARN_DOCUMENTATION_COMMENTS = YES;
				CLANG_WARN_EMPTY_BODY = YES;
				CLANG_WARN_ENUM_CONVERSION = YES;
				CLANG_WARN_INFINITE_RECURSION = YES;
				CLANG_WARN_INT_CONVERSION = YES;
				CLANG_WARN_NON_LITERAL_NULL_CONVERSION = YES;
				CLANG_WARN_OBJC_IMPLICIT_RETAIN_SELF = YES;
				CLANG_WARN_OBJC_LITERAL_CONVERSION = YES;
				CLANG_WARN_OBJC_ROOT_CLASS = YES_ERROR;
				CLANG_WARN_RANGE_LOOP_ANALYSIS = YES;
				CLANG_WARN_STRICT_PROTOTYPES = YES;
				CLANG_WARN_SUSPICIOUS_MOVE = YES;
				CLANG_WARN_UNGUARDED_AVAILABILITY = YES_AGGRESSIVE;
				CLANG_WARN_UNREACHABLE_CODE = YES;
				CLANG_WARN__DUPLICATE_METHOD_MATCH = YES;
				COPY_PHASE_STRIP = NO;
				DEBUG_INFORMATION_FORMAT = dwarf;
				ENABLE_STRICT_OBJC_MSGSEND = YES;
				ENABLE_TESTABILITY = YES;
				GCC_C_LANGUAGE_STANDARD = gnu11;
				GCC_DYNAMIC_NO_PIC = NO;
				GCC_NO_COMMON_BLOCKS = YES;
				GCC_OPTIMIZATION_LEVEL = 0;
				GCC_PREPROCESSOR_DEFINITIONS = (
					"DEBUG=1",
					"$(inherited)",
				);
				GCC_WARN_64_TO_32_BIT_CONVERSION = YES;
				GCC_WARN_ABOUT_RETURN_TYPE = YES_ERROR;
				GCC_WARN_UNDECLARED_SELECTOR = YES;
				GCC_WARN_UNINITIALIZED_AUTOS = YES_AGGRESSIVE;
				GCC_WARN_UNUSED_FUNCTION = YES;
				GCC_WARN_UNUSED_VARIABLE = YES;
				IPHONEOS_DEPLOYMENT_TARGET = 13.2;
				MTL_ENABLE_DEBUG_INFO = INCLUDE_SOURCE;
				MTL_FAST_MATH = YES;
				ONLY_ACTIVE_ARCH = YES;
				SDKROOT = iphoneos;
				SWIFT_ACTIVE_COMPILATION_CONDITIONS = DEBUG;
				SWIFT_OPTIMIZATION_LEVEL = "-Onone";
			};
			name = Debug;
		};
		65C04A90240931CC00971E09 /* Release */ = {
			isa = XCBuildConfiguration;
			buildSettings = {
				ALWAYS_SEARCH_USER_PATHS = NO;
				CLANG_ANALYZER_NONNULL = YES;
				CLANG_ANALYZER_NUMBER_OBJECT_CONVERSION = YES_AGGRESSIVE;
				CLANG_CXX_LANGUAGE_STANDARD = "gnu++14";
				CLANG_CXX_LIBRARY = "libc++";
				CLANG_ENABLE_MODULES = YES;
				CLANG_ENABLE_OBJC_ARC = YES;
				CLANG_ENABLE_OBJC_WEAK = YES;
				CLANG_WARN_BLOCK_CAPTURE_AUTORELEASING = YES;
				CLANG_WARN_BOOL_CONVERSION = YES;
				CLANG_WARN_COMMA = YES;
				CLANG_WARN_CONSTANT_CONVERSION = YES;
				CLANG_WARN_DEPRECATED_OBJC_IMPLEMENTATIONS = YES;
				CLANG_WARN_DIRECT_OBJC_ISA_USAGE = YES_ERROR;
				CLANG_WARN_DOCUMENTATION_COMMENTS = YES;
				CLANG_WARN_EMPTY_BODY = YES;
				CLANG_WARN_ENUM_CONVERSION = YES;
				CLANG_WARN_INFINITE_RECURSION = YES;
				CLANG_WARN_INT_CONVERSION = YES;
				CLANG_WARN_NON_LITERAL_NULL_CONVERSION = YES;
				CLANG_WARN_OBJC_IMPLICIT_RETAIN_SELF = YES;
				CLANG_WARN_OBJC_LITERAL_CONVERSION = YES;
				CLANG_WARN_OBJC_ROOT_CLASS = YES_ERROR;
				CLANG_WARN_RANGE_LOOP_ANALYSIS = YES;
				CLANG_WARN_STRICT_PROTOTYPES = YES;
				CLANG_WARN_SUSPICIOUS_MOVE = YES;
				CLANG_WARN_UNGUARDED_AVAILABILITY = YES_AGGRESSIVE;
				CLANG_WARN_UNREACHABLE_CODE = YES;
				CLANG_WARN__DUPLICATE_METHOD_MATCH = YES;
				COPY_PHASE_STRIP = NO;
				DEBUG_INFORMATION_FORMAT = "dwarf-with-dsym";
				ENABLE_NS_ASSERTIONS = NO;
				ENABLE_STRICT_OBJC_MSGSEND = YES;
				GCC_C_LANGUAGE_STANDARD = gnu11;
				GCC_NO_COMMON_BLOCKS = YES;
				GCC_WARN_64_TO_32_BIT_CONVERSION = YES;
				GCC_WARN_ABOUT_RETURN_TYPE = YES_ERROR;
				GCC_WARN_UNDECLARED_SELECTOR = YES;
				GCC_WARN_UNINITIALIZED_AUTOS = YES_AGGRESSIVE;
				GCC_WARN_UNUSED_FUNCTION = YES;
				GCC_WARN_UNUSED_VARIABLE = YES;
				IPHONEOS_DEPLOYMENT_TARGET = 13.2;
				MTL_ENABLE_DEBUG_INFO = NO;
				MTL_FAST_MATH = YES;
				SDKROOT = iphoneos;
				SWIFT_COMPILATION_MODE = wholemodule;
				SWIFT_OPTIMIZATION_LEVEL = "-O";
				VALIDATE_PRODUCT = YES;
			};
			name = Release;
		};
		65C04A92240931CC00971E09 /* Debug */ = {
			isa = XCBuildConfiguration;
			buildSettings = {
				ALWAYS_EMBED_SWIFT_STANDARD_LIBRARIES = YES;
				ASSETCATALOG_COMPILER_APPICON_NAME = AppIcon;
				CODE_SIGN_STYLE = Automatic;
				DEVELOPMENT_ASSET_PATHS = "DeezerKitTests/Fixtures/album-tracks.json DeezerKitTests/Fixtures/artist-albums.json DeezerKitTests/Fixtures/search.json DeezerKitTests/Fixtures/error.json DeezerKitTests/Fixtures/album.json";
				DEVELOPMENT_TEAM = T5MM7764M2;
				INFOPLIST_FILE = Music/Info.plist;
				IPHONEOS_DEPLOYMENT_TARGET = 13.0;
				LD_RUNPATH_SEARCH_PATHS = (
					"$(inherited)",
					"@executable_path/Frameworks",
				);
				PRODUCT_BUNDLE_IDENTIFIER = to.eci.Music;
				PRODUCT_NAME = "$(TARGET_NAME)";
				SWIFT_VERSION = 5.0;
				TARGETED_DEVICE_FAMILY = "1,2";
			};
			name = Debug;
		};
		65C04A93240931CC00971E09 /* Release */ = {
			isa = XCBuildConfiguration;
			buildSettings = {
				ALWAYS_EMBED_SWIFT_STANDARD_LIBRARIES = YES;
				ASSETCATALOG_COMPILER_APPICON_NAME = AppIcon;
				CODE_SIGN_STYLE = Automatic;
				DEVELOPMENT_ASSET_PATHS = "DeezerKitTests/Fixtures/album-tracks.json DeezerKitTests/Fixtures/artist-albums.json DeezerKitTests/Fixtures/search.json DeezerKitTests/Fixtures/error.json DeezerKitTests/Fixtures/album.json";
				DEVELOPMENT_TEAM = T5MM7764M2;
				INFOPLIST_FILE = Music/Info.plist;
				IPHONEOS_DEPLOYMENT_TARGET = 13.0;
				LD_RUNPATH_SEARCH_PATHS = (
					"$(inherited)",
					"@executable_path/Frameworks",
				);
				PRODUCT_BUNDLE_IDENTIFIER = to.eci.Music;
				PRODUCT_NAME = "$(TARGET_NAME)";
				SWIFT_VERSION = 5.0;
				TARGETED_DEVICE_FAMILY = "1,2";
			};
			name = Release;
		};
		65C04A95240931CC00971E09 /* Debug */ = {
			isa = XCBuildConfiguration;
			buildSettings = {
				ALWAYS_EMBED_SWIFT_STANDARD_LIBRARIES = YES;
				BUNDLE_LOADER = "$(TEST_HOST)";
				CODE_SIGN_STYLE = Automatic;
				DEVELOPMENT_TEAM = T5MM7764M2;
				INFOPLIST_FILE = MusicTests/Info.plist;
				IPHONEOS_DEPLOYMENT_TARGET = 13.2;
				LD_RUNPATH_SEARCH_PATHS = (
					"$(inherited)",
					"@executable_path/Frameworks",
					"@loader_path/Frameworks",
				);
				PRODUCT_BUNDLE_IDENTIFIER = to.eci.MusicTests;
				PRODUCT_NAME = "$(TARGET_NAME)";
				SWIFT_VERSION = 5.0;
				TARGETED_DEVICE_FAMILY = "1,2";
				TEST_HOST = "$(BUILT_PRODUCTS_DIR)/Music.app/Music";
			};
			name = Debug;
		};
		65C04A96240931CC00971E09 /* Release */ = {
			isa = XCBuildConfiguration;
			buildSettings = {
				ALWAYS_EMBED_SWIFT_STANDARD_LIBRARIES = YES;
				BUNDLE_LOADER = "$(TEST_HOST)";
				CODE_SIGN_STYLE = Automatic;
				DEVELOPMENT_TEAM = T5MM7764M2;
				INFOPLIST_FILE = MusicTests/Info.plist;
				IPHONEOS_DEPLOYMENT_TARGET = 13.2;
				LD_RUNPATH_SEARCH_PATHS = (
					"$(inherited)",
					"@executable_path/Frameworks",
					"@loader_path/Frameworks",
				);
				PRODUCT_BUNDLE_IDENTIFIER = to.eci.MusicTests;
				PRODUCT_NAME = "$(TARGET_NAME)";
				SWIFT_VERSION = 5.0;
				TARGETED_DEVICE_FAMILY = "1,2";
				TEST_HOST = "$(BUILT_PRODUCTS_DIR)/Music.app/Music";
			};
			name = Release;
		};
		65C04AB4240931E400971E09 /* Debug */ = {
			isa = XCBuildConfiguration;
			buildSettings = {
				CLANG_ENABLE_MODULES = YES;
				CODE_SIGN_STYLE = Automatic;
				CURRENT_PROJECT_VERSION = 1;
				DEFINES_MODULE = YES;
				DEVELOPMENT_TEAM = T5MM7764M2;
				DYLIB_COMPATIBILITY_VERSION = 1;
				DYLIB_CURRENT_VERSION = 1;
				DYLIB_INSTALL_NAME_BASE = "@rpath";
				INFOPLIST_FILE = DeezerKit/Info.plist;
				INSTALL_PATH = "$(LOCAL_LIBRARY_DIR)/Frameworks";
				IPHONEOS_DEPLOYMENT_TARGET = 10.0;
				LD_RUNPATH_SEARCH_PATHS = (
					"$(inherited)",
					"@executable_path/Frameworks",
					"@loader_path/Frameworks",
				);
				PRODUCT_BUNDLE_IDENTIFIER = to.eci.DeezerKit;
				PRODUCT_NAME = "$(TARGET_NAME:c99extidentifier)";
				SKIP_INSTALL = YES;
				SWIFT_OPTIMIZATION_LEVEL = "-Onone";
				SWIFT_VERSION = 5.0;
				TARGETED_DEVICE_FAMILY = "1,2";
				VERSIONING_SYSTEM = "apple-generic";
				VERSION_INFO_PREFIX = "";
			};
			name = Debug;
		};
		65C04AB5240931E400971E09 /* Release */ = {
			isa = XCBuildConfiguration;
			buildSettings = {
				CLANG_ENABLE_MODULES = YES;
				CODE_SIGN_STYLE = Automatic;
				CURRENT_PROJECT_VERSION = 1;
				DEFINES_MODULE = YES;
				DEVELOPMENT_TEAM = T5MM7764M2;
				DYLIB_COMPATIBILITY_VERSION = 1;
				DYLIB_CURRENT_VERSION = 1;
				DYLIB_INSTALL_NAME_BASE = "@rpath";
				INFOPLIST_FILE = DeezerKit/Info.plist;
				INSTALL_PATH = "$(LOCAL_LIBRARY_DIR)/Frameworks";
				IPHONEOS_DEPLOYMENT_TARGET = 10.0;
				LD_RUNPATH_SEARCH_PATHS = (
					"$(inherited)",
					"@executable_path/Frameworks",
					"@loader_path/Frameworks",
				);
				PRODUCT_BUNDLE_IDENTIFIER = to.eci.DeezerKit;
				PRODUCT_NAME = "$(TARGET_NAME:c99extidentifier)";
				SKIP_INSTALL = YES;
				SWIFT_VERSION = 5.0;
				TARGETED_DEVICE_FAMILY = "1,2";
				VERSIONING_SYSTEM = "apple-generic";
				VERSION_INFO_PREFIX = "";
			};
			name = Release;
		};
		65C04AB8240931E400971E09 /* Debug */ = {
			isa = XCBuildConfiguration;
			buildSettings = {
				ALWAYS_EMBED_SWIFT_STANDARD_LIBRARIES = YES;
				CODE_SIGN_STYLE = Automatic;
				DEVELOPMENT_TEAM = T5MM7764M2;
				INFOPLIST_FILE = DeezerKitTests/Info.plist;
				LD_RUNPATH_SEARCH_PATHS = (
					"$(inherited)",
					"@executable_path/Frameworks",
					"@loader_path/Frameworks",
				);
				PRODUCT_BUNDLE_IDENTIFIER = to.eci.DeezerKitTests;
				PRODUCT_NAME = "$(TARGET_NAME)";
				SWIFT_VERSION = 5.0;
				TARGETED_DEVICE_FAMILY = "1,2";
				TEST_HOST = "$(BUILT_PRODUCTS_DIR)/Music.app/Music";
			};
			name = Debug;
		};
		65C04AB9240931E400971E09 /* Release */ = {
			isa = XCBuildConfiguration;
			buildSettings = {
				ALWAYS_EMBED_SWIFT_STANDARD_LIBRARIES = YES;
				CODE_SIGN_STYLE = Automatic;
				DEVELOPMENT_TEAM = T5MM7764M2;
				INFOPLIST_FILE = DeezerKitTests/Info.plist;
				LD_RUNPATH_SEARCH_PATHS = (
					"$(inherited)",
					"@executable_path/Frameworks",
					"@loader_path/Frameworks",
				);
				PRODUCT_BUNDLE_IDENTIFIER = to.eci.DeezerKitTests;
				PRODUCT_NAME = "$(TARGET_NAME)";
				SWIFT_VERSION = 5.0;
				TARGETED_DEVICE_FAMILY = "1,2";
				TEST_HOST = "$(BUILT_PRODUCTS_DIR)/Music.app/Music";
			};
			name = Release;
		};
/* End XCBuildConfiguration section */

/* Begin XCConfigurationList section */
		65C04A6D240931CA00971E09 /* Build configuration list for PBXProject "Music" */ = {
			isa = XCConfigurationList;
			buildConfigurations = (
				65C04A8F240931CC00971E09 /* Debug */,
				65C04A90240931CC00971E09 /* Release */,
			);
			defaultConfigurationIsVisible = 0;
			defaultConfigurationName = Release;
		};
		65C04A91240931CC00971E09 /* Build configuration list for PBXNativeTarget "Music" */ = {
			isa = XCConfigurationList;
			buildConfigurations = (
				65C04A92240931CC00971E09 /* Debug */,
				65C04A93240931CC00971E09 /* Release */,
			);
			defaultConfigurationIsVisible = 0;
			defaultConfigurationName = Release;
		};
		65C04A94240931CC00971E09 /* Build configuration list for PBXNativeTarget "MusicTests" */ = {
			isa = XCConfigurationList;
			buildConfigurations = (
				65C04A95240931CC00971E09 /* Debug */,
				65C04A96240931CC00971E09 /* Release */,
			);
			defaultConfigurationIsVisible = 0;
			defaultConfigurationName = Release;
		};
		65C04AB3240931E400971E09 /* Build configuration list for PBXNativeTarget "DeezerKit" */ = {
			isa = XCConfigurationList;
			buildConfigurations = (
				65C04AB4240931E400971E09 /* Debug */,
				65C04AB5240931E400971E09 /* Release */,
			);
			defaultConfigurationIsVisible = 0;
			defaultConfigurationName = Release;
		};
		65C04AB7240931E400971E09 /* Build configuration list for PBXNativeTarget "DeezerKitTests" */ = {
			isa = XCConfigurationList;
			buildConfigurations = (
				65C04AB8240931E400971E09 /* Debug */,
				65C04AB9240931E400971E09 /* Release */,
			);
			defaultConfigurationIsVisible = 0;
			defaultConfigurationName = Release;
		};
/* End XCConfigurationList section */

/* Begin XCSwiftPackageProductDependency section */
		65C04ABC240AB9C600971E09 /* NetworkKit */ = {
			isa = XCSwiftPackageProductDependency;
			productName = NetworkKit;
		};
/* End XCSwiftPackageProductDependency section */
	};
	rootObject = 65C04A6A240931CA00971E09 /* Project object */;
}
